// !$*UTF8*$!
{
	archiveVersion = 1;
	classes = {
	};
	objectVersion = 77;
	objects = {

/* Begin PBXBuildFile section */
		01F659756C006C6E7C43A0EB /* AssetHeroCard.swift in Sources */ = {isa = PBXBuildFile; fileRef = 55AE4BFF131B1A8541CD715E /* AssetHeroCard.swift */; };
		A4B5C6D7E8F91031B2C3D4E5 /* Assets.xcassets in Resources */ = {isa = PBXBuildFile; fileRef = A2B3C4D5E6F70819293A4B5C /* Assets.xcassets */; };
		07FF5D2C7AE91983E0985300 /* GrowthTab.swift in Sources */ = {isa = PBXBuildFile; fileRef = 23F4453DDBC2ECC1A618FE1A /* GrowthTab.swift */; };
		0D09EBDD7245BF43D20DB01F /* HoldingsCalculator.swift in Sources */ = {isa = PBXBuildFile; fileRef = 67998C91207033704847C51C /* HoldingsCalculator.swift */; };
		0EA7CA5DF8A6608359558327 /* CachedPrice.swift in Sources */ = {isa = PBXBuildFile; fileRef = EE4EC29482B93B10BA11017D /* CachedPrice.swift */; };
		D0A1B2C3D4E5F60719A0B100 /* IntroView.swift in Sources */ = {isa = PBXBuildFile; fileRef = D1A1B2C3D4E5F60719A0B100 /* IntroView.swift */; };
		130B2DCF5B5A5B7A36FD5D7F /* SettingsSheet.swift in Sources */ = {isa = PBXBuildFile; fileRef = 0F981BE3A4F3022B7AB8390A /* SettingsSheet.swift */; };
		167A96127453A4ADAC051CA0 /* PortfolioCalculatorTests.swift in Sources */ = {isa = PBXBuildFile; fileRef = EC3F51C4DDB5947DBC7EB891 /* PortfolioCalculatorTests.swift */; };
		18A66ED06198B8A665470B59 /* HoldingsCalculatorTests.swift in Sources */ = {isa = PBXBuildFile; fileRef = 069EF07AF693871A7A51165E /* HoldingsCalculatorTests.swift */; };
		1FC98B13B03249062C159CFB /* HoldingsViewModel.swift in Sources */ = {isa = PBXBuildFile; fileRef = BC0FBCCA22EF1AB9DE8D7CF1 /* HoldingsViewModel.swift */; };
		2FAFD8F4394699408E230307 /* SummaryTab.swift in Sources */ = {isa = PBXBuildFile; fileRef = 3E92BE8720D0D9AA0C1F7300 /* SummaryTab.swift */; };
		40D0009A78C6D943F889CECF /* Categories.swift in Sources */ = {isa = PBXBuildFile; fileRef = F2FBDE0FB630991CEA994F67 /* Categories.swift */; };
		4ACC3E79F1D5E16C0DE75E0C /* StocksTab.swift in Sources */ = {isa = PBXBuildFile; fileRef = 3BC3546D0CC13A5455FD1005 /* StocksTab.swift */; };
		4D42E9FBEE87F2B2E0D2BED7 /* NaverStockServiceTests.swift in Sources */ = {isa = PBXBuildFile; fileRef = 9FD38CF10DBAEF0889BC4277 /* NaverStockServiceTests.swift */; };
		4ED8BF5E5AD7129AE8BAD3FB /* PieChartView.swift in Sources */ = {isa = PBXBuildFile; fileRef = E4123B43A6E4070E4F74E943 /* PieChartView.swift */; };
		5FB6A6760EEF0F9DAD0DBF8F /* AddStockSheet.swift in Sources */ = {isa = PBXBuildFile; fileRef = BE755E3A9946BEF785348B21 /* AddStockSheet.swift */; };
		611B6DF5495815D1D28C714E /* GrowthViewModel.swift in Sources */ = {isa = PBXBuildFile; fileRef = 44A949F1755229A174A3024B /* GrowthViewModel.swift */; };
		628F097B4D9784107F5CF664 /* PortfolioHoldings.swift in Sources */ = {isa = PBXBuildFile; fileRef = 84810F18098A4F47FF925EA7 /* PortfolioHoldings.swift */; };
		64B510AC8DC78812E5C411BB /* FullFeatureUITests.swift in Sources */ = {isa = PBXBuildFile; fileRef = 3BAE3E8B694BEB79BD8F51F5 /* FullFeatureUITests.swift */; };
		6530EB78E75FDD2BE4C6ACD4 /* PortfolioCalculator.swift in Sources */ = {isa = PBXBuildFile; fileRef = 08C04F9134FCC81A5E4A64CA /* PortfolioCalculator.swift */; };
		692AC37E0A5163C7A67D1C87 /* TossTypography.swift in Sources */ = {isa = PBXBuildFile; fileRef = D9BE529E7D6C09863F689455 /* TossTypography.swift */; };
		6C8C7900E1925A4829C698F0 /* StockSearchView.swift in Sources */ = {isa = PBXBuildFile; fileRef = 423CCE06265955BBB7932E8A /* StockSearchView.swift */; };
		77A0CCEA2EF831C8A9B91E9F /* HoldingsTab.swift in Sources */ = {isa = PBXBuildFile; fileRef = 5B92DA87D50F97B739A2400C /* HoldingsTab.swift */; };
		78BFE31F4EA773FB879D8087 /* ScreenshotTests.swift in Sources */ = {isa = PBXBuildFile; fileRef = 7768FDA85B95C506531C6AC8 /* ScreenshotTests.swift */; };
		7F4BD8315E763037980981F6 /* CategoryBadge.swift in Sources */ = {isa = PBXBuildFile; fileRef = 6F0B03F9C295A5CEA7D5666B /* CategoryBadge.swift */; };
		80560DDE8D212203A03C1D0E /* TossColors.swift in Sources */ = {isa = PBXBuildFile; fileRef = 09D2336E25EF08E0F50207AF /* TossColors.swift */; };
		9C0CA93EA92A757FDA277DA0 /* NaverStockService.swift in Sources */ = {isa = PBXBuildFile; fileRef = D98286ED749EC997ED8B21C0 /* NaverStockService.swift */; };
		9D89EC4F333D1CC3DAE445C6 /* ETFPortfolioManagerApp.swift in Sources */ = {isa = PBXBuildFile; fileRef = FECCB2F243BB75EB6716BADF /* ETFPortfolioManagerApp.swift */; };
		A8D9CE99C9EA241617DFBED7 /* AllocationTab.swift in Sources */ = {isa = PBXBuildFile; fileRef = 9E72DEC2CC413F2AA23D0B91 /* AllocationTab.swift */; };
		AA11BB22CC33DD44EE55FF66 /* TabScreenshotTests.swift in Sources */ = {isa = PBXBuildFile; fileRef = BB22CC33DD44EE55FF660011 /* TabScreenshotTests.swift */; };
		AA1B2C3D4E5F60718293A4B5 /* SharedPortfolioHeader.swift in Sources */ = {isa = PBXBuildFile; fileRef = BB2C3D4E5F60718293A4B5C6 /* SharedPortfolioHeader.swift */; };
		AB5FE0363A79F6E023B1634B /* Portfolio.swift in Sources */ = {isa = PBXBuildFile; fileRef = FB467AC8FAEEEEEBBE49FB6D /* Portfolio.swift */; };
		BCDD98109C7717E95578802B /* ThemeManager.swift in Sources */ = {isa = PBXBuildFile; fileRef = B957E9351BD8B524BFE3BB09 /* ThemeManager.swift */; };
		BD39B74151D8FB241A221F75 /* Haptics.swift in Sources */ = {isa = PBXBuildFile; fileRef = 3C5C911D902893A87586F299 /* Haptics.swift */; };
		C50F3E262D7ECFC31785AE1C /* GrowthCalculatorTests.swift in Sources */ = {isa = PBXBuildFile; fileRef = A7B36D211B4E179C20B49ECC /* GrowthCalculatorTests.swift */; };
		C90CC2AD9ED673716E1DF76C /* GrowthCalculator.swift in Sources */ = {isa = PBXBuildFile; fileRef = 987160DFDCA96654CD5E8D45 /* GrowthCalculator.swift */; };
		CC3D4E5F60718293A4B5C6D7 /* SortChipBar.swift in Sources */ = {isa = PBXBuildFile; fileRef = DD4E5F60718293A4B5C6D7E8 /* SortChipBar.swift */; };
		D344501AD17274159D8728AF /* ContentView.swift in Sources */ = {isa = PBXBuildFile; fileRef = 5BC0F65D870ADD5DC1ECCFEC /* ContentView.swift */; };
		DA16356E02811B29DD86B9B9 /* PortfolioViewModel.swift in Sources */ = {isa = PBXBuildFile; fileRef = F69E9259B56DDCD068FF7B12 /* PortfolioViewModel.swift */; };
		EC54FEFD45742D3C53F3798E /* AllocationViewModel.swift in Sources */ = {isa = PBXBuildFile; fileRef = 2D3295899759514EBFB466E6 /* AllocationViewModel.swift */; };
		EC8C4B8908DD10BE3184C8C6 /* BiometricAuth.swift in Sources */ = {isa = PBXBuildFile; fileRef = 77FB8709A67B64807E132BA7 /* BiometricAuth.swift */; };
		E0A1B2C3D4E5F6071819A0B1 /* AddHoldingSheet.swift in Sources */ = {isa = PBXBuildFile; fileRef = F0A1B2C3D4E5F6071819A0B1 /* AddHoldingSheet.swift */; };
		E1A2B3C4D5E6F7081920A1B2 /* DataManager.swift in Sources */ = {isa = PBXBuildFile; fileRef = A1B2C3D4E5F60718293A4B50 /* DataManager.swift */; };
		E2B3C4D5E6F70819203A4B5C /* DataMenuSheet.swift in Sources */ = {isa = PBXBuildFile; fileRef = B2C3D4E5F60718293A4B5C60 /* DataMenuSheet.swift */; };
		E3C4D5E6F7081920A3B4C5D6 /* DocumentPicker.swift in Sources */ = {isa = PBXBuildFile; fileRef = C3D4E5F60718293A4B5C6D70 /* DocumentPicker.swift */; };
		ECF34D2301B703A0420065B3 /* CalculationModels.swift in Sources */ = {isa = PBXBuildFile; fileRef = 8F51A6EA69801E4AA753084D /* CalculationModels.swift */; };
		EE5F60718293A4B5C6D7E8F9 /* WeightComparisonChart.swift in Sources */ = {isa = PBXBuildFile; fileRef = FF60718293A4B5C6D7E8F90A /* WeightComparisonChart.swift */; };
		FCF4D2451A4ABACAE576B123 /* StockListRow.swift in Sources */ = {isa = PBXBuildFile; fileRef = 4531C29E4E291D58A14B9581 /* StockListRow.swift */; };
/* End PBXBuildFile section */

/* Begin PBXContainerItemProxy section */
		13C5EC608DBB068198D70575 /* PBXContainerItemProxy */ = {
			isa = PBXContainerItemProxy;
			containerPortal = F02AC13814F587FCAB1AFB49 /* Project object */;
			proxyType = 1;
			remoteGlobalIDString = C8096AEC47BA450873F6ABD5;
			remoteInfo = ETFPortfolioManager;
		};
		724423B6B706F356C46F7C82 /* PBXContainerItemProxy */ = {
			isa = PBXContainerItemProxy;
			containerPortal = F02AC13814F587FCAB1AFB49 /* Project object */;
			proxyType = 1;
			remoteGlobalIDString = C8096AEC47BA450873F6ABD5;
			remoteInfo = ETFPortfolioManager;
		};
/* End PBXContainerItemProxy section */

/* Begin PBXFileReference section */
		069EF07AF693871A7A51165E /* HoldingsCalculatorTests.swift */ = {isa = PBXFileReference; lastKnownFileType = sourcecode.swift; path = HoldingsCalculatorTests.swift; sourceTree = "<group>"; };
		08C04F9134FCC81A5E4A64CA /* PortfolioCalculator.swift */ = {isa = PBXFileReference; lastKnownFileType = sourcecode.swift; path = PortfolioCalculator.swift; sourceTree = "<group>"; };
		09D2336E25EF08E0F50207AF /* TossColors.swift */ = {isa = PBXFileReference; lastKnownFileType = sourcecode.swift; path = TossColors.swift; sourceTree = "<group>"; };
		A1B2C3D4E5F60718293A4B50 /* DataManager.swift */ = {isa = PBXFileReference; lastKnownFileType = sourcecode.swift; path = DataManager.swift; sourceTree = "<group>"; };
		A2B3C4D5E6F70819293A4B5C /* Assets.xcassets */ = {isa = PBXFileReference; lastKnownFileType = folder.assetcatalog; path = Assets.xcassets; sourceTree = "<group>"; };
		D1A1B2C3D4E5F60719A0B100 /* IntroView.swift */ = {isa = PBXFileReference; lastKnownFileType = sourcecode.swift; path = IntroView.swift; sourceTree = "<group>"; };
		F0A1B2C3D4E5F6071819A0B1 /* AddHoldingSheet.swift */ = {isa = PBXFileReference; lastKnownFileType = sourcecode.swift; path = AddHoldingSheet.swift; sourceTree = "<group>"; };
		B2C3D4E5F60718293A4B5C60 /* DataMenuSheet.swift */ = {isa = PBXFileReference; lastKnownFileType = sourcecode.swift; path = DataMenuSheet.swift; sourceTree = "<group>"; };
		C3D4E5F60718293A4B5C6D70 /* DocumentPicker.swift */ = {isa = PBXFileReference; lastKnownFileType = sourcecode.swift; path = DocumentPicker.swift; sourceTree = "<group>"; };
		0F981BE3A4F3022B7AB8390A /* SettingsSheet.swift */ = {isa = PBXFileReference; lastKnownFileType = sourcecode.swift; path = SettingsSheet.swift; sourceTree = "<group>"; };
		1B65998C02E0768CB117F6B9 /* ETFPortfolioManagerUITests.xctest */ = {isa = PBXFileReference; includeInIndex = 0; lastKnownFileType = wrapper.cfbundle; path = ETFPortfolioManagerUITests.xctest; sourceTree = BUILT_PRODUCTS_DIR; };
		23F4453DDBC2ECC1A618FE1A /* GrowthTab.swift */ = {isa = PBXFileReference; lastKnownFileType = sourcecode.swift; path = GrowthTab.swift; sourceTree = "<group>"; };
		2D3295899759514EBFB466E6 /* AllocationViewModel.swift */ = {isa = PBXFileReference; lastKnownFileType = sourcecode.swift; path = AllocationViewModel.swift; sourceTree = "<group>"; };
		3BAE3E8B694BEB79BD8F51F5 /* FullFeatureUITests.swift */ = {isa = PBXFileReference; lastKnownFileType = sourcecode.swift; path = FullFeatureUITests.swift; sourceTree = "<group>"; };
		3BC3546D0CC13A5455FD1005 /* StocksTab.swift */ = {isa = PBXFileReference; lastKnownFileType = sourcecode.swift; path = StocksTab.swift; sourceTree = "<group>"; };
		3C5C911D902893A87586F299 /* Haptics.swift */ = {isa = PBXFileReference; lastKnownFileType = sourcecode.swift; path = Haptics.swift; sourceTree = "<group>"; };
		3E92BE8720D0D9AA0C1F7300 /* SummaryTab.swift */ = {isa = PBXFileReference; lastKnownFileType = sourcecode.swift; path = SummaryTab.swift; sourceTree = "<group>"; };
		423CCE06265955BBB7932E8A /* StockSearchView.swift */ = {isa = PBXFileReference; lastKnownFileType = sourcecode.swift; path = StockSearchView.swift; sourceTree = "<group>"; };
		44A949F1755229A174A3024B /* GrowthViewModel.swift */ = {isa = PBXFileReference; lastKnownFileType = sourcecode.swift; path = GrowthViewModel.swift; sourceTree = "<group>"; };
		4531C29E4E291D58A14B9581 /* StockListRow.swift */ = {isa = PBXFileReference; lastKnownFileType = sourcecode.swift; path = StockListRow.swift; sourceTree = "<group>"; };
		55AE4BFF131B1A8541CD715E /* AssetHeroCard.swift */ = {isa = PBXFileReference; lastKnownFileType = sourcecode.swift; path = AssetHeroCard.swift; sourceTree = "<group>"; };
		5B92DA87D50F97B739A2400C /* HoldingsTab.swift */ = {isa = PBXFileReference; lastKnownFileType = sourcecode.swift; path = HoldingsTab.swift; sourceTree = "<group>"; };
		5BC0F65D870ADD5DC1ECCFEC /* ContentView.swift */ = {isa = PBXFileReference; lastKnownFileType = sourcecode.swift; path = ContentView.swift; sourceTree = "<group>"; };
		67998C91207033704847C51C /* HoldingsCalculator.swift */ = {isa = PBXFileReference; lastKnownFileType = sourcecode.swift; path = HoldingsCalculator.swift; sourceTree = "<group>"; };
		6F0B03F9C295A5CEA7D5666B /* CategoryBadge.swift */ = {isa = PBXFileReference; lastKnownFileType = sourcecode.swift; path = CategoryBadge.swift; sourceTree = "<group>"; };
		7768FDA85B95C506531C6AC8 /* ScreenshotTests.swift */ = {isa = PBXFileReference; lastKnownFileType = sourcecode.swift; path = ScreenshotTests.swift; sourceTree = "<group>"; };
		77FB8709A67B64807E132BA7 /* BiometricAuth.swift */ = {isa = PBXFileReference; lastKnownFileType = sourcecode.swift; path = BiometricAuth.swift; sourceTree = "<group>"; };
		84810F18098A4F47FF925EA7 /* PortfolioHoldings.swift */ = {isa = PBXFileReference; lastKnownFileType = sourcecode.swift; path = PortfolioHoldings.swift; sourceTree = "<group>"; };
		8F51A6EA69801E4AA753084D /* CalculationModels.swift */ = {isa = PBXFileReference; lastKnownFileType = sourcecode.swift; path = CalculationModels.swift; sourceTree = "<group>"; };
		987160DFDCA96654CD5E8D45 /* GrowthCalculator.swift */ = {isa = PBXFileReference; lastKnownFileType = sourcecode.swift; path = GrowthCalculator.swift; sourceTree = "<group>"; };
		9E72DEC2CC413F2AA23D0B91 /* AllocationTab.swift */ = {isa = PBXFileReference; lastKnownFileType = sourcecode.swift; path = AllocationTab.swift; sourceTree = "<group>"; };
		9FD38CF10DBAEF0889BC4277 /* NaverStockServiceTests.swift */ = {isa = PBXFileReference; lastKnownFileType = sourcecode.swift; path = NaverStockServiceTests.swift; sourceTree = "<group>"; };
		A7B36D211B4E179C20B49ECC /* GrowthCalculatorTests.swift */ = {isa = PBXFileReference; lastKnownFileType = sourcecode.swift; path = GrowthCalculatorTests.swift; sourceTree = "<group>"; };
		B4E4027CEB2F6069A64F0F14 /* ETFPortfolioManagerTests.xctest */ = {isa = PBXFileReference; includeInIndex = 0; lastKnownFileType = wrapper.cfbundle; path = ETFPortfolioManagerTests.xctest; sourceTree = BUILT_PRODUCTS_DIR; };
		B957E9351BD8B524BFE3BB09 /* ThemeManager.swift */ = {isa = PBXFileReference; lastKnownFileType = sourcecode.swift; path = ThemeManager.swift; sourceTree = "<group>"; };
		BB22CC33DD44EE55FF660011 /* TabScreenshotTests.swift */ = {isa = PBXFileReference; lastKnownFileType = sourcecode.swift; path = TabScreenshotTests.swift; sourceTree = "<group>"; };
		BB2C3D4E5F60718293A4B5C6 /* SharedPortfolioHeader.swift */ = {isa = PBXFileReference; lastKnownFileType = sourcecode.swift; path = SharedPortfolioHeader.swift; sourceTree = "<group>"; };
		BC0FBCCA22EF1AB9DE8D7CF1 /* HoldingsViewModel.swift */ = {isa = PBXFileReference; lastKnownFileType = sourcecode.swift; path = HoldingsViewModel.swift; sourceTree = "<group>"; };
		BE755E3A9946BEF785348B21 /* AddStockSheet.swift */ = {isa = PBXFileReference; lastKnownFileType = sourcecode.swift; path = AddStockSheet.swift; sourceTree = "<group>"; };
		D98286ED749EC997ED8B21C0 /* NaverStockService.swift */ = {isa = PBXFileReference; lastKnownFileType = sourcecode.swift; path = NaverStockService.swift; sourceTree = "<group>"; };
		D9BE529E7D6C09863F689455 /* TossTypography.swift */ = {isa = PBXFileReference; lastKnownFileType = sourcecode.swift; path = TossTypography.swift; sourceTree = "<group>"; };
		DD4E5F60718293A4B5C6D7E8 /* SortChipBar.swift */ = {isa = PBXFileReference; lastKnownFileType = sourcecode.swift; path = SortChipBar.swift; sourceTree = "<group>"; };
		E2C580E0EE218CDA8DF98BAE /* ETFPortfolioManager.app */ = {isa = PBXFileReference; explicitFileType = wrapper.application; includeInIndex = 0; path = ETFPortfolioManager.app; sourceTree = BUILT_PRODUCTS_DIR; };
		E4123B43A6E4070E4F74E943 /* PieChartView.swift */ = {isa = PBXFileReference; lastKnownFileType = sourcecode.swift; path = PieChartView.swift; sourceTree = "<group>"; };
		EC3F51C4DDB5947DBC7EB891 /* PortfolioCalculatorTests.swift */ = {isa = PBXFileReference; lastKnownFileType = sourcecode.swift; path = PortfolioCalculatorTests.swift; sourceTree = "<group>"; };
		EE4EC29482B93B10BA11017D /* CachedPrice.swift */ = {isa = PBXFileReference; lastKnownFileType = sourcecode.swift; path = CachedPrice.swift; sourceTree = "<group>"; };
		F2FBDE0FB630991CEA994F67 /* Categories.swift */ = {isa = PBXFileReference; lastKnownFileType = sourcecode.swift; path = Categories.swift; sourceTree = "<group>"; };
		F69E9259B56DDCD068FF7B12 /* PortfolioViewModel.swift */ = {isa = PBXFileReference; lastKnownFileType = sourcecode.swift; path = PortfolioViewModel.swift; sourceTree = "<group>"; };
		FB467AC8FAEEEEEBBE49FB6D /* Portfolio.swift */ = {isa = PBXFileReference; lastKnownFileType = sourcecode.swift; path = Portfolio.swift; sourceTree = "<group>"; };
		FECCB2F243BB75EB6716BADF /* ETFPortfolioManagerApp.swift */ = {isa = PBXFileReference; lastKnownFileType = sourcecode.swift; path = ETFPortfolioManagerApp.swift; sourceTree = "<group>"; };
		FF60718293A4B5C6D7E8F90A /* WeightComparisonChart.swift */ = {isa = PBXFileReference; lastKnownFileType = sourcecode.swift; path = WeightComparisonChart.swift; sourceTree = "<group>"; };
/* End PBXFileReference section */

/* Begin PBXGroup section */
		23CA3D9EE5BD8B5C84844B82 /* Calculators */ = {
			isa = PBXGroup;
			children = (
				987160DFDCA96654CD5E8D45 /* GrowthCalculator.swift */,
				67998C91207033704847C51C /* HoldingsCalculator.swift */,
				08C04F9134FCC81A5E4A64CA /* PortfolioCalculator.swift */,
			);
			path = Calculators;
			sourceTree = "<group>";
		};
		275499AB0DEB1177F24F1E9E /* Components */ = {
			isa = PBXGroup;
			children = (
				55AE4BFF131B1A8541CD715E /* AssetHeroCard.swift */,
				6F0B03F9C295A5CEA7D5666B /* CategoryBadge.swift */,
				E4123B43A6E4070E4F74E943 /* PieChartView.swift */,
				BB2C3D4E5F60718293A4B5C6 /* SharedPortfolioHeader.swift */,
				DD4E5F60718293A4B5C6D7E8 /* SortChipBar.swift */,
				4531C29E4E291D58A14B9581 /* StockListRow.swift */,
				FF60718293A4B5C6D7E8F90A /* WeightComparisonChart.swift */,
			);
			path = Components;
			sourceTree = "<group>";
		};
		370CA0AFD1F726E8160B3F25 /* Products */ = {
			isa = PBXGroup;
			children = (
				E2C580E0EE218CDA8DF98BAE /* ETFPortfolioManager.app */,
				B4E4027CEB2F6069A64F0F14 /* ETFPortfolioManagerTests.xctest */,
				1B65998C02E0768CB117F6B9 /* ETFPortfolioManagerUITests.xctest */,
			);
			name = Products;
			sourceTree = "<group>";
		};
		44AB4845D347588F705BE07F /* Services */ = {
			isa = PBXGroup;
			children = (
				77FB8709A67B64807E132BA7 /* BiometricAuth.swift */,
				A1B2C3D4E5F60718293A4B50 /* DataManager.swift */,
				D98286ED749EC997ED8B21C0 /* NaverStockService.swift */,
			);
			path = Services;
			sourceTree = "<group>";
		};
		5053BC4B304EA317F3DAF1CE /* ViewModels */ = {
			isa = PBXGroup;
			children = (
				2D3295899759514EBFB466E6 /* AllocationViewModel.swift */,
				44A949F1755229A174A3024B /* GrowthViewModel.swift */,
				BC0FBCCA22EF1AB9DE8D7CF1 /* HoldingsViewModel.swift */,
				F69E9259B56DDCD068FF7B12 /* PortfolioViewModel.swift */,
			);
			path = ViewModels;
			sourceTree = "<group>";
		};
		5AF7B74AE7303D0D93A68563 /* Utilities */ = {
			isa = PBXGroup;
			children = (
				3C5C911D902893A87586F299 /* Haptics.swift */,
			);
			path = Utilities;
			sourceTree = "<group>";
		};
		80592032BAE621EB2717B326 /* Constants */ = {
			isa = PBXGroup;
			children = (
				F2FBDE0FB630991CEA994F67 /* Categories.swift */,
			);
			path = Constants;
			sourceTree = "<group>";
		};
		82399C28B5A5EEE73C0952D4 = {
			isa = PBXGroup;
			children = (
				EAC9932913FDBA3E99EF3B83 /* ETFPortfolioManager */,
				AE608231EFF2291F704C1DFB /* Tests */,
				B565E005F6658104AB5B8CC6 /* UITests */,
				370CA0AFD1F726E8160B3F25 /* Products */,
			);
			sourceTree = "<group>";
		};
		99785179B8AB6E3F3AE51445 /* Sheets */ = {
			isa = PBXGroup;
			children = (
				F0A1B2C3D4E5F6071819A0B1 /* AddHoldingSheet.swift */,
				BE755E3A9946BEF785348B21 /* AddStockSheet.swift */,
				B2C3D4E5F60718293A4B5C60 /* DataMenuSheet.swift */,
				C3D4E5F60718293A4B5C6D70 /* DocumentPicker.swift */,
				0F981BE3A4F3022B7AB8390A /* SettingsSheet.swift */,
				423CCE06265955BBB7932E8A /* StockSearchView.swift */,
			);
			path = Sheets;
			sourceTree = "<group>";
		};
		A1358A5B126D1008AE0FB4DB /* App */ = {
			isa = PBXGroup;
			children = (
				5BC0F65D870ADD5DC1ECCFEC /* ContentView.swift */,
				FECCB2F243BB75EB6716BADF /* ETFPortfolioManagerApp.swift */,
			);
			path = App;
			sourceTree = "<group>";
		};
		AE608231EFF2291F704C1DFB /* Tests */ = {
			isa = PBXGroup;
			children = (
				A7B36D211B4E179C20B49ECC /* GrowthCalculatorTests.swift */,
				069EF07AF693871A7A51165E /* HoldingsCalculatorTests.swift */,
				9FD38CF10DBAEF0889BC4277 /* NaverStockServiceTests.swift */,
				EC3F51C4DDB5947DBC7EB891 /* PortfolioCalculatorTests.swift */,
			);
			path = Tests;
			sourceTree = "<group>";
		};
		B565E005F6658104AB5B8CC6 /* UITests */ = {
			isa = PBXGroup;
			children = (
				3BAE3E8B694BEB79BD8F51F5 /* FullFeatureUITests.swift */,
				7768FDA85B95C506531C6AC8 /* ScreenshotTests.swift */,
				BB22CC33DD44EE55FF660011 /* TabScreenshotTests.swift */,
			);
			path = UITests;
			sourceTree = "<group>";
		};
		B6FE322DB02BFD24F95BEFD9 /* Tabs */ = {
			isa = PBXGroup;
			children = (
				9E72DEC2CC413F2AA23D0B91 /* AllocationTab.swift */,
				23F4453DDBC2ECC1A618FE1A /* GrowthTab.swift */,
				5B92DA87D50F97B739A2400C /* HoldingsTab.swift */,
				3BC3546D0CC13A5455FD1005 /* StocksTab.swift */,
				3E92BE8720D0D9AA0C1F7300 /* SummaryTab.swift */,
			);
			path = Tabs;
			sourceTree = "<group>";
		};
		DC50D648B88D940309D8FFE0 /* Models */ = {
			isa = PBXGroup;
			children = (
				EE4EC29482B93B10BA11017D /* CachedPrice.swift */,
				8F51A6EA69801E4AA753084D /* CalculationModels.swift */,
				FB467AC8FAEEEEEBBE49FB6D /* Portfolio.swift */,
				84810F18098A4F47FF925EA7 /* PortfolioHoldings.swift */,
			);
			path = Models;
			sourceTree = "<group>";
		};
		EAC9932913FDBA3E99EF3B83 /* ETFPortfolioManager */ = {
			isa = PBXGroup;
			children = (
				A2B3C4D5E6F70819293A4B5C /* Assets.xcassets */,
				A1358A5B126D1008AE0FB4DB /* App */,
				23CA3D9EE5BD8B5C84844B82 /* Calculators */,
				80592032BAE621EB2717B326 /* Constants */,
				DC50D648B88D940309D8FFE0 /* Models */,
				44AB4845D347588F705BE07F /* Services */,
				EE2EA2BC844327516291E9A0 /* Theme */,
				5AF7B74AE7303D0D93A68563 /* Utilities */,
				5053BC4B304EA317F3DAF1CE /* ViewModels */,
				FB062C26FCB2C69BF65E3B20 /* Views */,
			);
			path = ETFPortfolioManager;
			sourceTree = "<group>";
		};
		EE2EA2BC844327516291E9A0 /* Theme */ = {
			isa = PBXGroup;
			children = (
				B957E9351BD8B524BFE3BB09 /* ThemeManager.swift */,
				09D2336E25EF08E0F50207AF /* TossColors.swift */,
				D9BE529E7D6C09863F689455 /* TossTypography.swift */,
			);
			path = Theme;
			sourceTree = "<group>";
		};
		FB062C26FCB2C69BF65E3B20 /* Views */ = {
			isa = PBXGroup;
			children = (
				275499AB0DEB1177F24F1E9E /* Components */,
				D1A1B2C3D4E5F60719A0B100 /* IntroView.swift */,
				99785179B8AB6E3F3AE51445 /* Sheets */,
				B6FE322DB02BFD24F95BEFD9 /* Tabs */,
			);
			path = Views;
			sourceTree = "<group>";
		};
/* End PBXGroup section */

/* Begin PBXNativeTarget section */
		34C0A46300EEF40392383F39 /* ETFPortfolioManagerUITests */ = {
			isa = PBXNativeTarget;
			buildConfigurationList = E32CE61CBF58C7F09CC8E061 /* Build configuration list for PBXNativeTarget "ETFPortfolioManagerUITests" */;
			buildPhases = (
				6D42D8E1491E8657ABFC5B36 /* Sources */,
			);
			buildRules = (
			);
			dependencies = (
				351C71E2E4ACC85409018CCE /* PBXTargetDependency */,
			);
			name = ETFPortfolioManagerUITests;
			packageProductDependencies = (
			);
			productName = ETFPortfolioManagerUITests;
			productReference = 1B65998C02E0768CB117F6B9 /* ETFPortfolioManagerUITests.xctest */;
			productType = "com.apple.product-type.bundle.ui-testing";
		};
		986266C2319261AAB76C06B2 /* ETFPortfolioManagerTests */ = {
			isa = PBXNativeTarget;
			buildConfigurationList = 8158A7CD2F2D54B804909914 /* Build configuration list for PBXNativeTarget "ETFPortfolioManagerTests" */;
			buildPhases = (
				D66D7DD3E615C166B48D9ECE /* Sources */,
			);
			buildRules = (
			);
			dependencies = (
				262B520B15B33611B9045F06 /* PBXTargetDependency */,
			);
			name = ETFPortfolioManagerTests;
			packageProductDependencies = (
			);
			productName = ETFPortfolioManagerTests;
			productReference = B4E4027CEB2F6069A64F0F14 /* ETFPortfolioManagerTests.xctest */;
			productType = "com.apple.product-type.bundle.unit-test";
		};
		C8096AEC47BA450873F6ABD5 /* ETFPortfolioManager */ = {
			isa = PBXNativeTarget;
			buildConfigurationList = 3F5F41ADFA537765AD53F246 /* Build configuration list for PBXNativeTarget "ETFPortfolioManager" */;
			buildPhases = (
				5AD3A7D1E6300B97B1146357 /* Sources */,
				A3B4C5D6E7F80920A1B2C3D4 /* Resources */,
			);
			buildRules = (
			);
			dependencies = (
			);
			name = ETFPortfolioManager;
			packageProductDependencies = (
			);
			productName = ETFPortfolioManager;
			productReference = E2C580E0EE218CDA8DF98BAE /* ETFPortfolioManager.app */;
			productType = "com.apple.product-type.application";
		};
/* End PBXNativeTarget section */

/* Begin PBXProject section */
		F02AC13814F587FCAB1AFB49 /* Project object */ = {
			isa = PBXProject;
			attributes = {
				BuildIndependentTargetsInParallel = YES;
				LastUpgradeCheck = 1600;
				TargetAttributes = {
					34C0A46300EEF40392383F39 = {
						TestTargetID = C8096AEC47BA450873F6ABD5;
					};
					C8096AEC47BA450873F6ABD5 = {
						ProvisioningStyle = Automatic;
					};
				};
			};
			buildConfigurationList = 0FDAEC669C5283C1BA4AD864 /* Build configuration list for PBXProject "ETFPortfolioManager" */;
			developmentRegion = en;
			hasScannedForEncodings = 0;
			knownRegions = (
				Base,
				en,
			);
			mainGroup = 82399C28B5A5EEE73C0952D4;
			minimizedProjectReferenceProxies = 1;
			preferredProjectObjectVersion = 77;
			productRefGroup = 370CA0AFD1F726E8160B3F25 /* Products */;
			projectDirPath = "";
			projectRoot = "";
			targets = (
				C8096AEC47BA450873F6ABD5 /* ETFPortfolioManager */,
				986266C2319261AAB76C06B2 /* ETFPortfolioManagerTests */,
				34C0A46300EEF40392383F39 /* ETFPortfolioManagerUITests */,
			);
		};
/* End PBXProject section */

/* Begin PBXResourcesBuildPhase section */
		A3B4C5D6E7F80920A1B2C3D4 /* Resources */ = {
			isa = PBXResourcesBuildPhase;
			buildActionMask = 2147483647;
			files = (
				A4B5C6D7E8F91031B2C3D4E5 /* Assets.xcassets in Resources */,
			);
			runOnlyForDeploymentPostprocessing = 0;
		};
/* End PBXResourcesBuildPhase section */

/* Begin PBXSourcesBuildPhase section */
		5AD3A7D1E6300B97B1146357 /* Sources */ = {
			isa = PBXSourcesBuildPhase;
			buildActionMask = 2147483647;
			files = (
				5FB6A6760EEF0F9DAD0DBF8F /* AddStockSheet.swift in Sources */,
				A8D9CE99C9EA241617DFBED7 /* AllocationTab.swift in Sources */,
				EC54FEFD45742D3C53F3798E /* AllocationViewModel.swift in Sources */,
				01F659756C006C6E7C43A0EB /* AssetHeroCard.swift in Sources */,
				EC8C4B8908DD10BE3184C8C6 /* BiometricAuth.swift in Sources */,
				0EA7CA5DF8A6608359558327 /* CachedPrice.swift in Sources */,
				ECF34D2301B703A0420065B3 /* CalculationModels.swift in Sources */,
				40D0009A78C6D943F889CECF /* Categories.swift in Sources */,
				7F4BD8315E763037980981F6 /* CategoryBadge.swift in Sources */,
				D344501AD17274159D8728AF /* ContentView.swift in Sources */,
				E0A1B2C3D4E5F6071819A0B1 /* AddHoldingSheet.swift in Sources */,
				E1A2B3C4D5E6F7081920A1B2 /* DataManager.swift in Sources */,
				E2B3C4D5E6F70819203A4B5C /* DataMenuSheet.swift in Sources */,
				E3C4D5E6F7081920A3B4C5D6 /* DocumentPicker.swift in Sources */,
				9D89EC4F333D1CC3DAE445C6 /* ETFPortfolioManagerApp.swift in Sources */,
				C90CC2AD9ED673716E1DF76C /* GrowthCalculator.swift in Sources */,
				07FF5D2C7AE91983E0985300 /* GrowthTab.swift in Sources */,
				611B6DF5495815D1D28C714E /* GrowthViewModel.swift in Sources */,
				BD39B74151D8FB241A221F75 /* Haptics.swift in Sources */,
				0D09EBDD7245BF43D20DB01F /* HoldingsCalculator.swift in Sources */,
				77A0CCEA2EF831C8A9B91E9F /* HoldingsTab.swift in Sources */,
				D0A1B2C3D4E5F60719A0B100 /* IntroView.swift in Sources */,
				1FC98B13B03249062C159CFB /* HoldingsViewModel.swift in Sources */,
				9C0CA93EA92A757FDA277DA0 /* NaverStockService.swift in Sources */,
				4ED8BF5E5AD7129AE8BAD3FB /* PieChartView.swift in Sources */,
				AB5FE0363A79F6E023B1634B /* Portfolio.swift in Sources */,
				6530EB78E75FDD2BE4C6ACD4 /* PortfolioCalculator.swift in Sources */,
				628F097B4D9784107F5CF664 /* PortfolioHoldings.swift in Sources */,
				DA16356E02811B29DD86B9B9 /* PortfolioViewModel.swift in Sources */,
				130B2DCF5B5A5B7A36FD5D7F /* SettingsSheet.swift in Sources */,
				FCF4D2451A4ABACAE576B123 /* StockListRow.swift in Sources */,
				6C8C7900E1925A4829C698F0 /* StockSearchView.swift in Sources */,
				4ACC3E79F1D5E16C0DE75E0C /* StocksTab.swift in Sources */,
				2FAFD8F4394699408E230307 /* SummaryTab.swift in Sources */,
				BCDD98109C7717E95578802B /* ThemeManager.swift in Sources */,
				80560DDE8D212203A03C1D0E /* TossColors.swift in Sources */,
				692AC37E0A5163C7A67D1C87 /* TossTypography.swift in Sources */,
				AA1B2C3D4E5F60718293A4B5 /* SharedPortfolioHeader.swift in Sources */,
				CC3D4E5F60718293A4B5C6D7 /* SortChipBar.swift in Sources */,
				EE5F60718293A4B5C6D7E8F9 /* WeightComparisonChart.swift in Sources */,
			);
			runOnlyForDeploymentPostprocessing = 0;
		};
		6D42D8E1491E8657ABFC5B36 /* Sources */ = {
			isa = PBXSourcesBuildPhase;
			buildActionMask = 2147483647;
			files = (
				64B510AC8DC78812E5C411BB /* FullFeatureUITests.swift in Sources */,
				78BFE31F4EA773FB879D8087 /* ScreenshotTests.swift in Sources */,
				AA11BB22CC33DD44EE55FF66 /* TabScreenshotTests.swift in Sources */,
			);
			runOnlyForDeploymentPostprocessing = 0;
		};
		D66D7DD3E615C166B48D9ECE /* Sources */ = {
			isa = PBXSourcesBuildPhase;
			buildActionMask = 2147483647;
			files = (
				C50F3E262D7ECFC31785AE1C /* GrowthCalculatorTests.swift in Sources */,
				18A66ED06198B8A665470B59 /* HoldingsCalculatorTests.swift in Sources */,
				4D42E9FBEE87F2B2E0D2BED7 /* NaverStockServiceTests.swift in Sources */,
				167A96127453A4ADAC051CA0 /* PortfolioCalculatorTests.swift in Sources */,
			);
			runOnlyForDeploymentPostprocessing = 0;
		};
/* End PBXSourcesBuildPhase section */

/* Begin PBXTargetDependency section */
		262B520B15B33611B9045F06 /* PBXTargetDependency */ = {
			isa = PBXTargetDependency;
			target = C8096AEC47BA450873F6ABD5 /* ETFPortfolioManager */;
			targetProxy = 13C5EC608DBB068198D70575 /* PBXContainerItemProxy */;
		};
		351C71E2E4ACC85409018CCE /* PBXTargetDependency */ = {
			isa = PBXTargetDependency;
			target = C8096AEC47BA450873F6ABD5 /* ETFPortfolioManager */;
			targetProxy = 724423B6B706F356C46F7C82 /* PBXContainerItemProxy */;
		};
/* End PBXTargetDependency section */

/* Begin XCBuildConfiguration section */
		25A20F914F5E244B4CDE3E5E /* Release */ = {
			isa = XCBuildConfiguration;
			buildSettings = {
				ASSETCATALOG_COMPILER_APPICON_NAME = AppIcon;
				CODE_SIGN_IDENTITY = "iPhone Developer";
				CODE_SIGN_STYLE = Automatic;
				CURRENT_PROJECT_VERSION = 1;
				DEVELOPMENT_TEAM = C9KK8KJ43V;
				GENERATE_INFOPLIST_FILE = YES;
				INFOPLIST_GENERATION = YES;
				INFOPLIST_KEY_NSFaceIDUsageDescription = "Face ID로 앱을 잠금 해제합니다.";
				INFOPLIST_KEY_UIApplicationSceneManifest_Generation = YES;
				INFOPLIST_KEY_UIApplicationSupportsIndirectInputEvents = YES;
				INFOPLIST_KEY_CFBundleDisplayName = "마이포트맨";
				INFOPLIST_KEY_UILaunchScreen_Generation = YES;
				INFOPLIST_KEY_UISupportedInterfaceOrientations_iPhone = UIInterfaceOrientationPortrait;
				LD_RUNPATH_SEARCH_PATHS = (
					"$(inherited)",
					"@executable_path/Frameworks",
				);
				MARKETING_VERSION = 1.0.0;
				PRODUCT_BUNDLE_IDENTIFIER = com.etfportfolio.manager;
				SDKROOT = iphoneos;
				SWIFT_EMIT_LOC_STRINGS = YES;
				TARGETED_DEVICE_FAMILY = "1,2";
			};
			name = Release;
		};
		3EE45D1ED7EBA2CCE3881CC1 /* Debug */ = {
			isa = XCBuildConfiguration;
			buildSettings = {
				ASSETCATALOG_COMPILER_APPICON_NAME = AppIcon;
				CODE_SIGN_IDENTITY = "iPhone Developer";
				CODE_SIGN_STYLE = Automatic;
				CURRENT_PROJECT_VERSION = 1;
				DEVELOPMENT_TEAM = C9KK8KJ43V;
				GENERATE_INFOPLIST_FILE = YES;
				INFOPLIST_GENERATION = YES;
				INFOPLIST_KEY_NSFaceIDUsageDescription = "Face ID로 앱을 잠금 해제합니다.";
				INFOPLIST_KEY_UIApplicationSceneManifest_Generation = YES;
				INFOPLIST_KEY_UIApplicationSupportsIndirectInputEvents = YES;
				INFOPLIST_KEY_CFBundleDisplayName = "마이포트맨";
				INFOPLIST_KEY_UILaunchScreen_Generation = YES;
				INFOPLIST_KEY_UISupportedInterfaceOrientations_iPhone = UIInterfaceOrientationPortrait;
				LD_RUNPATH_SEARCH_PATHS = (
					"$(inherited)",
					"@executable_path/Frameworks",
				);
				MARKETING_VERSION = 1.0.0;
				PRODUCT_BUNDLE_IDENTIFIER = com.etfportfolio.manager;
				SDKROOT = iphoneos;
				SWIFT_EMIT_LOC_STRINGS = YES;
				TARGETED_DEVICE_FAMILY = "1,2";
			};
			name = Debug;
		};
		4F6067CA1321C8FEBF864203 /* Release */ = {
			isa = XCBuildConfiguration;
			buildSettings = {
				BUNDLE_LOADER = "$(TEST_HOST)";
				GENERATE_INFOPLIST_FILE = YES;
				LD_RUNPATH_SEARCH_PATHS = (
					"$(inherited)",
					"@executable_path/Frameworks",
					"@loader_path/Frameworks",
				);
				PRODUCT_BUNDLE_IDENTIFIER = com.etfportfolio.ETFPortfolioManagerUITests;
				SDKROOT = iphoneos;
				TARGETED_DEVICE_FAMILY = "1,2";
				TEST_TARGET_NAME = ETFPortfolioManager;
			};
			name = Release;
		};
		6DF6CD2187C5BD75682DD247 /* Debug */ = {
			isa = XCBuildConfiguration;
			buildSettings = {
				BUNDLE_LOADER = "$(TEST_HOST)";
				GENERATE_INFOPLIST_FILE = YES;
				LD_RUNPATH_SEARCH_PATHS = (
					"$(inherited)",
					"@executable_path/Frameworks",
					"@loader_path/Frameworks",
				);
				PRODUCT_BUNDLE_IDENTIFIER = com.etfportfolio.ETFPortfolioManagerUITests;
				SDKROOT = iphoneos;
				TARGETED_DEVICE_FAMILY = "1,2";
				TEST_TARGET_NAME = ETFPortfolioManager;
			};
			name = Debug;
		};
		C2348B1C7798949563D839F6 /* Debug */ = {
			isa = XCBuildConfiguration;
			buildSettings = {
				ALWAYS_SEARCH_USER_PATHS = NO;
				CLANG_ANALYZER_NONNULL = YES;
				CLANG_ANALYZER_NUMBER_OBJECT_CONVERSION = YES_AGGRESSIVE;
				CLANG_CXX_LANGUAGE_STANDARD = "gnu++14";
				CLANG_CXX_LIBRARY = "libc++";
				CLANG_ENABLE_MODULES = YES;
				CLANG_ENABLE_OBJC_ARC = YES;
				CLANG_ENABLE_OBJC_WEAK = YES;
				CLANG_WARN_BLOCK_CAPTURE_AUTORELEASING = YES;
				CLANG_WARN_BOOL_CONVERSION = YES;
				CLANG_WARN_COMMA = YES;
				CLANG_WARN_CONSTANT_CONVERSION = YES;
				CLANG_WARN_DEPRECATED_OBJC_IMPLEMENTATIONS = YES;
				CLANG_WARN_DIRECT_OBJC_ISA_USAGE = YES_ERROR;
				CLANG_WARN_DOCUMENTATION_COMMENTS = YES;
				CLANG_WARN_EMPTY_BODY = YES;
				CLANG_WARN_ENUM_CONVERSION = YES;
				CLANG_WARN_INFINITE_RECURSION = YES;
				CLANG_WARN_INT_CONVERSION = YES;
				CLANG_WARN_NON_LITERAL_NULL_CONVERSION = YES;
				CLANG_WARN_OBJC_IMPLICIT_RETAIN_SELF = YES;
				CLANG_WARN_OBJC_LITERAL_CONVERSION = YES;
				CLANG_WARN_OBJC_ROOT_CLASS = YES_ERROR;
				CLANG_WARN_QUOTED_INCLUDE_IN_FRAMEWORK_HEADER = YES;
				CLANG_WARN_RANGE_LOOP_ANALYSIS = YES;
				CLANG_WARN_STRICT_PROTOTYPES = YES;
				CLANG_WARN_SUSPICIOUS_MOVE = YES;
				CLANG_WARN_UNGUARDED_AVAILABILITY = YES_AGGRESSIVE;
				CLANG_WARN_UNREACHABLE_CODE = YES;
				CLANG_WARN__DUPLICATE_METHOD_MATCH = YES;
				COPY_PHASE_STRIP = NO;
				DEBUG_INFORMATION_FORMAT = dwarf;
				ENABLE_STRICT_OBJC_MSGSEND = YES;
				ENABLE_TESTABILITY = YES;
				GCC_C_LANGUAGE_STANDARD = gnu11;
				GCC_DYNAMIC_NO_PIC = NO;
				GCC_NO_COMMON_BLOCKS = YES;
				GCC_OPTIMIZATION_LEVEL = 0;
				GCC_PREPROCESSOR_DEFINITIONS = (
					"$(inherited)",
					"DEBUG=1",
				);
				GCC_WARN_64_TO_32_BIT_CONVERSION = YES;
				GCC_WARN_ABOUT_RETURN_TYPE = YES_ERROR;
				GCC_WARN_UNDECLARED_SELECTOR = YES;
				GCC_WARN_UNINITIALIZED_AUTOS = YES_AGGRESSIVE;
				GCC_WARN_UNUSED_FUNCTION = YES;
				GCC_WARN_UNUSED_VARIABLE = YES;
				IPHONEOS_DEPLOYMENT_TARGET = 17.0;
				MTL_ENABLE_DEBUG_INFO = INCLUDE_SOURCE;
				MTL_FAST_MATH = YES;
				ONLY_ACTIVE_ARCH = YES;
				PRODUCT_NAME = "$(TARGET_NAME)";
				SDKROOT = iphoneos;
				SWIFT_ACTIVE_COMPILATION_CONDITIONS = DEBUG;
				SWIFT_OPTIMIZATION_LEVEL = "-Onone";
				SWIFT_VERSION = 5.0;
			};
			name = Debug;
		};
		C5D78E290CA1DFEFF26DF561 /* Release */ = {
			isa = XCBuildConfiguration;
			buildSettings = {
				BUNDLE_LOADER = "$(TEST_HOST)";
				GENERATE_INFOPLIST_FILE = YES;
				LD_RUNPATH_SEARCH_PATHS = (
					"$(inherited)",
					"@executable_path/Frameworks",
					"@loader_path/Frameworks",
				);
				PRODUCT_BUNDLE_IDENTIFIER = com.etfportfolio.ETFPortfolioManagerTests;
				SDKROOT = iphoneos;
				TARGETED_DEVICE_FAMILY = "1,2";
				TEST_HOST = "$(BUILT_PRODUCTS_DIR)/ETFPortfolioManager.app/ETFPortfolioManager";
			};
			name = Release;
		};
		C812D7EB8EA629FBE572F2DF /* Release */ = {
			isa = XCBuildConfiguration;
			buildSettings = {
				ALWAYS_SEARCH_USER_PATHS = NO;
				CLANG_ANALYZER_NONNULL = YES;
				CLANG_ANALYZER_NUMBER_OBJECT_CONVERSION = YES_AGGRESSIVE;
				CLANG_CXX_LANGUAGE_STANDARD = "gnu++14";
				CLANG_CXX_LIBRARY = "libc++";
				CLANG_ENABLE_MODULES = YES;
				CLANG_ENABLE_OBJC_ARC = YES;
				CLANG_ENABLE_OBJC_WEAK = YES;
				CLANG_WARN_BLOCK_CAPTURE_AUTORELEASING = YES;
				CLANG_WARN_BOOL_CONVERSION = YES;
				CLANG_WARN_COMMA = YES;
				CLANG_WARN_CONSTANT_CONVERSION = YES;
				CLANG_WARN_DEPRECATED_OBJC_IMPLEMENTATIONS = YES;
				CLANG_WARN_DIRECT_OBJC_ISA_USAGE = YES_ERROR;
				CLANG_WARN_DOCUMENTATION_COMMENTS = YES;
				CLANG_WARN_EMPTY_BODY = YES;
				CLANG_WARN_ENUM_CONVERSION = YES;
				CLANG_WARN_INFINITE_RECURSION = YES;
				CLANG_WARN_INT_CONVERSION = YES;
				CLANG_WARN_NON_LITERAL_NULL_CONVERSION = YES;
				CLANG_WARN_OBJC_IMPLICIT_RETAIN_SELF = YES;
				CLANG_WARN_OBJC_LITERAL_CONVERSION = YES;
				CLANG_WARN_OBJC_ROOT_CLASS = YES_ERROR;
				CLANG_WARN_QUOTED_INCLUDE_IN_FRAMEWORK_HEADER = YES;
				CLANG_WARN_RANGE_LOOP_ANALYSIS = YES;
				CLANG_WARN_STRICT_PROTOTYPES = YES;
				CLANG_WARN_SUSPICIOUS_MOVE = YES;
				CLANG_WARN_UNGUARDED_AVAILABILITY = YES_AGGRESSIVE;
				CLANG_WARN_UNREACHABLE_CODE = YES;
				CLANG_WARN__DUPLICATE_METHOD_MATCH = YES;
				COPY_PHASE_STRIP = NO;
				DEBUG_INFORMATION_FORMAT = "dwarf-with-dsym";
				ENABLE_NS_ASSERTIONS = NO;
				ENABLE_STRICT_OBJC_MSGSEND = YES;
				GCC_C_LANGUAGE_STANDARD = gnu11;
				GCC_NO_COMMON_BLOCKS = YES;
				GCC_WARN_64_TO_32_BIT_CONVERSION = YES;
				GCC_WARN_ABOUT_RETURN_TYPE = YES_ERROR;
				GCC_WARN_UNDECLARED_SELECTOR = YES;
				GCC_WARN_UNINITIALIZED_AUTOS = YES_AGGRESSIVE;
				GCC_WARN_UNUSED_FUNCTION = YES;
				GCC_WARN_UNUSED_VARIABLE = YES;
				IPHONEOS_DEPLOYMENT_TARGET = 17.0;
				MTL_ENABLE_DEBUG_INFO = NO;
				MTL_FAST_MATH = YES;
				PRODUCT_NAME = "$(TARGET_NAME)";
				SDKROOT = iphoneos;
				SWIFT_COMPILATION_MODE = wholemodule;
				SWIFT_OPTIMIZATION_LEVEL = "-O";
				SWIFT_VERSION = 5.0;
			};
			name = Release;
		};
		CD7642572FB129E8188098D2 /* Debug */ = {
			isa = XCBuildConfiguration;
			buildSettings = {
				BUNDLE_LOADER = "$(TEST_HOST)";
				GENERATE_INFOPLIST_FILE = YES;
				LD_RUNPATH_SEARCH_PATHS = (
					"$(inherited)",
					"@executable_path/Frameworks",
					"@loader_path/Frameworks",
				);
				PRODUCT_BUNDLE_IDENTIFIER = com.etfportfolio.ETFPortfolioManagerTests;
				SDKROOT = iphoneos;
				TARGETED_DEVICE_FAMILY = "1,2";
				TEST_HOST = "$(BUILT_PRODUCTS_DIR)/ETFPortfolioManager.app/ETFPortfolioManager";
			};
			name = Debug;
		};
/* End XCBuildConfiguration section */

/* Begin XCConfigurationList section */
		0FDAEC669C5283C1BA4AD864 /* Build configuration list for PBXProject "ETFPortfolioManager" */ = {
			isa = XCConfigurationList;
			buildConfigurations = (
				C2348B1C7798949563D839F6 /* Debug */,
				C812D7EB8EA629FBE572F2DF /* Release */,
			);
			defaultConfigurationIsVisible = 0;
			defaultConfigurationName = Debug;
		};
		3F5F41ADFA537765AD53F246 /* Build configuration list for PBXNativeTarget "ETFPortfolioManager" */ = {
			isa = XCConfigurationList;
			buildConfigurations = (
				3EE45D1ED7EBA2CCE3881CC1 /* Debug */,
				25A20F914F5E244B4CDE3E5E /* Release */,
			);
			defaultConfigurationIsVisible = 0;
			defaultConfigurationName = Debug;
		};
		8158A7CD2F2D54B804909914 /* Build configuration list for PBXNativeTarget "ETFPortfolioManagerTests" */ = {
			isa = XCConfigurationList;
			buildConfigurations = (
				CD7642572FB129E8188098D2 /* Debug */,
				C5D78E290CA1DFEFF26DF561 /* Release */,
			);
			defaultConfigurationIsVisible = 0;
			defaultConfigurationName = Debug;
		};
		E32CE61CBF58C7F09CC8E061 /* Build configuration list for PBXNativeTarget "ETFPortfolioManagerUITests" */ = {
			isa = XCConfigurationList;
			buildConfigurations = (
				6DF6CD2187C5BD75682DD247 /* Debug */,
				4F6067CA1321C8FEBF864203 /* Release */,
			);
			defaultConfigurationIsVisible = 0;
			defaultConfigurationName = Debug;
		};
/* End XCConfigurationList section */
	};
	rootObject = F02AC13814F587FCAB1AFB49 /* Project object */;
}
